// !$*UTF8*$!
{
	archiveVersion = 1;
	classes = {
	};
	objectVersion = 51;
	objects = {

/* Begin PBXBuildFile section */
		A026A3C62FD9DC93E50260DE /* Pods_cafe_nibm.framework in Frameworks */ = {isa = PBXBuildFile; fileRef = 2CA53086E2D6750DCC4291AD /* Pods_cafe_nibm.framework */; };
		EC29810025F3C88C00BFD09F /* AppDelegate.swift in Sources */ = {isa = PBXBuildFile; fileRef = EC2980FF25F3C88C00BFD09F /* AppDelegate.swift */; };
		EC29810225F3C88C00BFD09F /* SceneDelegate.swift in Sources */ = {isa = PBXBuildFile; fileRef = EC29810125F3C88C00BFD09F /* SceneDelegate.swift */; };
		EC29810725F3C88C00BFD09F /* Main.storyboard in Resources */ = {isa = PBXBuildFile; fileRef = EC29810525F3C88C00BFD09F /* Main.storyboard */; };
		EC29810925F3C88D00BFD09F /* Assets.xcassets in Resources */ = {isa = PBXBuildFile; fileRef = EC29810825F3C88D00BFD09F /* Assets.xcassets */; };
		EC29810C25F3C88D00BFD09F /* LaunchScreen.storyboard in Resources */ = {isa = PBXBuildFile; fileRef = EC29810A25F3C88D00BFD09F /* LaunchScreen.storyboard */; };
		EC29811525F3E74200BFD09F /* SignUpViewController.swift in Sources */ = {isa = PBXBuildFile; fileRef = EC29811425F3E74200BFD09F /* SignUpViewController.swift */; };
		EC29811825F3E77800BFD09F /* LoginViewController.swift in Sources */ = {isa = PBXBuildFile; fileRef = EC29811725F3E77800BFD09F /* LoginViewController.swift */; };
		EC29811B25F3E78000BFD09F /* HomeViewController.swift in Sources */ = {isa = PBXBuildFile; fileRef = EC29811A25F3E78000BFD09F /* HomeViewController.swift */; };
		EC29812125F3F66600BFD09F /* GoogleService-Info.plist in Resources */ = {isa = PBXBuildFile; fileRef = EC29812025F3F66600BFD09F /* GoogleService-Info.plist */; };
		EC6F99B025F40921000C6269 /* Constants.swift in Sources */ = {isa = PBXBuildFile; fileRef = EC6F99AF25F40921000C6269 /* Constants.swift */; };
		EC6F99CB25F4AF45000C6269 /* AccountViewController.swift in Sources */ = {isa = PBXBuildFile; fileRef = EC6F99CA25F4AF45000C6269 /* AccountViewController.swift */; };
		EC6F99D025F4DAC8000C6269 /* Item.swift in Sources */ = {isa = PBXBuildFile; fileRef = EC6F99CF25F4DAC8000C6269 /* Item.swift */; };
		EC6F99EA25F4EE51000C6269 /* ItemDetailsViewController.swift in Sources */ = {isa = PBXBuildFile; fileRef = EC6F99E925F4EE51000C6269 /* ItemDetailsViewController.swift */; };
		EC6F99ED25F4FA8D000C6269 /* Basket.swift in Sources */ = {isa = PBXBuildFile; fileRef = EC6F99EC25F4FA8D000C6269 /* Basket.swift */; };
		ECF1FD162635559800A755B2 /* ForgotPasswordViewController.swift in Sources */ = {isa = PBXBuildFile; fileRef = ECF1FD152635559800A755B2 /* ForgotPasswordViewController.swift */; };
/* End PBXBuildFile section */

/* Begin PBXFileReference section */
		2CA53086E2D6750DCC4291AD /* Pods_cafe_nibm.framework */ = {isa = PBXFileReference; explicitFileType = wrapper.framework; includeInIndex = 0; path = Pods_cafe_nibm.framework; sourceTree = BUILT_PRODUCTS_DIR; };
		4D5D0EA21750187BFF7A9CE2 /* Pods-cafe-nibm.release.xcconfig */ = {isa = PBXFileReference; includeInIndex = 1; lastKnownFileType = text.xcconfig; name = "Pods-cafe-nibm.release.xcconfig"; path = "Target Support Files/Pods-cafe-nibm/Pods-cafe-nibm.release.xcconfig"; sourceTree = "<group>"; };
		EBE0E652845BAF090D6C126A /* Pods-cafe-nibm.debug.xcconfig */ = {isa = PBXFileReference; includeInIndex = 1; lastKnownFileType = text.xcconfig; name = "Pods-cafe-nibm.debug.xcconfig"; path = "Target Support Files/Pods-cafe-nibm/Pods-cafe-nibm.debug.xcconfig"; sourceTree = "<group>"; };
		EC2980FC25F3C88C00BFD09F /* cafe-nibm.app */ = {isa = PBXFileReference; explicitFileType = wrapper.application; includeInIndex = 0; path = "cafe-nibm.app"; sourceTree = BUILT_PRODUCTS_DIR; };
		EC2980FF25F3C88C00BFD09F /* AppDelegate.swift */ = {isa = PBXFileReference; lastKnownFileType = sourcecode.swift; path = AppDelegate.swift; sourceTree = "<group>"; };
		EC29810125F3C88C00BFD09F /* SceneDelegate.swift */ = {isa = PBXFileReference; lastKnownFileType = sourcecode.swift; path = SceneDelegate.swift; sourceTree = "<group>"; };
		EC29810625F3C88C00BFD09F /* Base */ = {isa = PBXFileReference; lastKnownFileType = file.storyboard; name = Base; path = Base.lproj/Main.storyboard; sourceTree = "<group>"; };
		EC29810825F3C88D00BFD09F /* Assets.xcassets */ = {isa = PBXFileReference; lastKnownFileType = folder.assetcatalog; path = Assets.xcassets; sourceTree = "<group>"; };
		EC29810B25F3C88D00BFD09F /* Base */ = {isa = PBXFileReference; lastKnownFileType = file.storyboard; name = Base; path = Base.lproj/LaunchScreen.storyboard; sourceTree = "<group>"; };
		EC29810D25F3C88D00BFD09F /* Info.plist */ = {isa = PBXFileReference; lastKnownFileType = text.plist.xml; path = Info.plist; sourceTree = "<group>"; };
		EC29811425F3E74200BFD09F /* SignUpViewController.swift */ = {isa = PBXFileReference; lastKnownFileType = sourcecode.swift; path = SignUpViewController.swift; sourceTree = "<group>"; };
		EC29811725F3E77800BFD09F /* LoginViewController.swift */ = {isa = PBXFileReference; lastKnownFileType = sourcecode.swift; path = LoginViewController.swift; sourceTree = "<group>"; };
		EC29811A25F3E78000BFD09F /* HomeViewController.swift */ = {isa = PBXFileReference; lastKnownFileType = sourcecode.swift; path = HomeViewController.swift; sourceTree = "<group>"; };
		EC29812025F3F66600BFD09F /* GoogleService-Info.plist */ = {isa = PBXFileReference; fileEncoding = 4; lastKnownFileType = text.plist.xml; path = "GoogleService-Info.plist"; sourceTree = "<group>"; };
		EC6F99AF25F40921000C6269 /* Constants.swift */ = {isa = PBXFileReference; lastKnownFileType = sourcecode.swift; path = Constants.swift; sourceTree = "<group>"; };
		EC6F99CA25F4AF45000C6269 /* AccountViewController.swift */ = {isa = PBXFileReference; lastKnownFileType = sourcecode.swift; path = AccountViewController.swift; sourceTree = "<group>"; };
		EC6F99CF25F4DAC8000C6269 /* Item.swift */ = {isa = PBXFileReference; lastKnownFileType = sourcecode.swift; path = Item.swift; sourceTree = "<group>"; };
		EC6F99E925F4EE51000C6269 /* ItemDetailsViewController.swift */ = {isa = PBXFileReference; lastKnownFileType = sourcecode.swift; path = ItemDetailsViewController.swift; sourceTree = "<group>"; };
		EC6F99EC25F4FA8D000C6269 /* Basket.swift */ = {isa = PBXFileReference; lastKnownFileType = sourcecode.swift; path = Basket.swift; sourceTree = "<group>"; };
		ECF1FD152635559800A755B2 /* ForgotPasswordViewController.swift */ = {isa = PBXFileReference; lastKnownFileType = sourcecode.swift; name = ForgotPasswordViewController.swift; path = ../../ForgotPasswordViewController.swift; sourceTree = "<group>"; };
/* End PBXFileReference section */

/* Begin PBXFrameworksBuildPhase section */
		EC2980F925F3C88C00BFD09F /* Frameworks */ = {
			isa = PBXFrameworksBuildPhase;
			buildActionMask = 2147483647;
			files = (
				A026A3C62FD9DC93E50260DE /* Pods_cafe_nibm.framework in Frameworks */,
			);
			runOnlyForDeploymentPostprocessing = 0;
		};
/* End PBXFrameworksBuildPhase section */

/* Begin PBXGroup section */
		7929A23D50F630C9AA457787 /* Pods */ = {
			isa = PBXGroup;
			children = (
				EBE0E652845BAF090D6C126A /* Pods-cafe-nibm.debug.xcconfig */,
				4D5D0EA21750187BFF7A9CE2 /* Pods-cafe-nibm.release.xcconfig */,
			);
			path = Pods;
			sourceTree = "<group>";
		};
		B99DCB924F055B1232FD892E /* Frameworks */ = {
			isa = PBXGroup;
			children = (
				2CA53086E2D6750DCC4291AD /* Pods_cafe_nibm.framework */,
			);
			name = Frameworks;
			sourceTree = "<group>";
		};
		EC2980F325F3C88C00BFD09F = {
			isa = PBXGroup;
			children = (
				EC2980FE25F3C88C00BFD09F /* cafe-nibm */,
				EC2980FD25F3C88C00BFD09F /* Products */,
				7929A23D50F630C9AA457787 /* Pods */,
				B99DCB924F055B1232FD892E /* Frameworks */,
			);
			sourceTree = "<group>";
		};
		EC2980FD25F3C88C00BFD09F /* Products */ = {
			isa = PBXGroup;
			children = (
				EC2980FC25F3C88C00BFD09F /* cafe-nibm.app */,
			);
			name = Products;
			sourceTree = "<group>";
		};
		EC2980FE25F3C88C00BFD09F /* cafe-nibm */ = {
			isa = PBXGroup;
			children = (
				EC6F99CE25F4DAB8000C6269 /* Models */,
				EC2980FF25F3C88C00BFD09F /* AppDelegate.swift */,
				EC29810125F3C88C00BFD09F /* SceneDelegate.swift */,
				EC6F99AE25F4090D000C6269 /* Helpers */,
				EC29811D25F3E79900BFD09F /* View Controllers */,
				EC29810525F3C88C00BFD09F /* Main.storyboard */,
				EC29810825F3C88D00BFD09F /* Assets.xcassets */,
				EC29810A25F3C88D00BFD09F /* LaunchScreen.storyboard */,
				EC29810D25F3C88D00BFD09F /* Info.plist */,
				EC29812025F3F66600BFD09F /* GoogleService-Info.plist */,
			);
			path = "cafe-nibm";
			sourceTree = "<group>";
		};
		EC29811D25F3E79900BFD09F /* View Controllers */ = {
			isa = PBXGroup;
			children = (
				EC29811425F3E74200BFD09F /* SignUpViewController.swift */,
				ECF1FD152635559800A755B2 /* ForgotPasswordViewController.swift */,
				EC29811725F3E77800BFD09F /* LoginViewController.swift */,
				EC29811A25F3E78000BFD09F /* HomeViewController.swift */,
				EC6F99CA25F4AF45000C6269 /* AccountViewController.swift */,
				EC6F99E925F4EE51000C6269 /* ItemDetailsViewController.swift */,
			);
			path = "View Controllers";
			sourceTree = "<group>";
		};
		EC6F99AE25F4090D000C6269 /* Helpers */ = {
			isa = PBXGroup;
			children = (
				EC6F99AF25F40921000C6269 /* Constants.swift */,
			);
			path = Helpers;
			sourceTree = "<group>";
		};
		EC6F99CE25F4DAB8000C6269 /* Models */ = {
			isa = PBXGroup;
			children = (
				EC6F99CF25F4DAC8000C6269 /* Item.swift */,
				EC6F99EC25F4FA8D000C6269 /* Basket.swift */,
			);
			path = Models;
			sourceTree = "<group>";
		};
/* End PBXGroup section */

/* Begin PBXNativeTarget section */
		EC2980FB25F3C88C00BFD09F /* cafe-nibm */ = {
			isa = PBXNativeTarget;
			buildConfigurationList = EC29811025F3C88D00BFD09F /* Build configuration list for PBXNativeTarget "cafe-nibm" */;
			buildPhases = (
				62694AE2D4E96F77E5C0BEBC /* [CP] Check Pods Manifest.lock */,
				EC2980F825F3C88C00BFD09F /* Sources */,
				EC2980F925F3C88C00BFD09F /* Frameworks */,
				EC2980FA25F3C88C00BFD09F /* Resources */,
				65F2C47BA9B76FD33084ABA6 /* [CP] Embed Pods Frameworks */,
			);
			buildRules = (
			);
			dependencies = (
			);
			name = "cafe-nibm";
			productName = "cafe-nibm";
			productReference = EC2980FC25F3C88C00BFD09F /* cafe-nibm.app */;
			productType = "com.apple.product-type.application";
		};
/* End PBXNativeTarget section */

/* Begin PBXProject section */
		EC2980F425F3C88C00BFD09F /* Project object */ = {
			isa = PBXProject;
			attributes = {
				LastSwiftUpdateCheck = 1240;
				LastUpgradeCheck = 1240;
				TargetAttributes = {
					EC2980FB25F3C88C00BFD09F = {
						CreatedOnToolsVersion = 12.4;
					};
				};
			};
			buildConfigurationList = EC2980F725F3C88C00BFD09F /* Build configuration list for PBXProject "cafe-nibm" */;
			compatibilityVersion = "Xcode 9.3";
			developmentRegion = en;
			hasScannedForEncodings = 0;
			knownRegions = (
				en,
				Base,
			);
			mainGroup = EC2980F325F3C88C00BFD09F;
			productRefGroup = EC2980FD25F3C88C00BFD09F /* Products */;
			projectDirPath = "";
			projectRoot = "";
			targets = (
				EC2980FB25F3C88C00BFD09F /* cafe-nibm */,
			);
		};
/* End PBXProject section */

/* Begin PBXResourcesBuildPhase section */
		EC2980FA25F3C88C00BFD09F /* Resources */ = {
			isa = PBXResourcesBuildPhase;
			buildActionMask = 2147483647;
			files = (
				EC29810C25F3C88D00BFD09F /* LaunchScreen.storyboard in Resources */,
				EC29812125F3F66600BFD09F /* GoogleService-Info.plist in Resources */,
				EC29810925F3C88D00BFD09F /* Assets.xcassets in Resources */,
				EC29810725F3C88C00BFD09F /* Main.storyboard in Resources */,
			);
			runOnlyForDeploymentPostprocessing = 0;
		};
/* End PBXResourcesBuildPhase section */

/* Begin PBXShellScriptBuildPhase section */
		62694AE2D4E96F77E5C0BEBC /* [CP] Check Pods Manifest.lock */ = {
			isa = PBXShellScriptBuildPhase;
			buildActionMask = 2147483647;
			files = (
			);
			inputFileListPaths = (
			);
			inputPaths = (
				"${PODS_PODFILE_DIR_PATH}/Podfile.lock",
				"${PODS_ROOT}/Manifest.lock",
			);
			name = "[CP] Check Pods Manifest.lock";
			outputFileListPaths = (
			);
			outputPaths = (
				"$(DERIVED_FILE_DIR)/Pods-cafe-nibm-checkManifestLockResult.txt",
			);
			runOnlyForDeploymentPostprocessing = 0;
			shellPath = /bin/sh;
			shellScript = "diff \"${PODS_PODFILE_DIR_PATH}/Podfile.lock\" \"${PODS_ROOT}/Manifest.lock\" > /dev/null\nif [ $? != 0 ] ; then\n    # print error to STDERR\n    echo \"error: The sandbox is not in sync with the Podfile.lock. Run 'pod install' or update your CocoaPods installation.\" >&2\n    exit 1\nfi\n# This output is used by Xcode 'outputs' to avoid re-running this script phase.\necho \"SUCCESS\" > \"${SCRIPT_OUTPUT_FILE_0}\"\n";
			showEnvVarsInLog = 0;
		};
		65F2C47BA9B76FD33084ABA6 /* [CP] Embed Pods Frameworks */ = {
			isa = PBXShellScriptBuildPhase;
			buildActionMask = 2147483647;
			files = (
			);
			inputFileListPaths = (
				"${PODS_ROOT}/Target Support Files/Pods-cafe-nibm/Pods-cafe-nibm-frameworks-${CONFIGURATION}-input-files.xcfilelist",
			);
			name = "[CP] Embed Pods Frameworks";
			outputFileListPaths = (
				"${PODS_ROOT}/Target Support Files/Pods-cafe-nibm/Pods-cafe-nibm-frameworks-${CONFIGURATION}-output-files.xcfilelist",
			);
			runOnlyForDeploymentPostprocessing = 0;
			shellPath = /bin/sh;
			shellScript = "\"${PODS_ROOT}/Target Support Files/Pods-cafe-nibm/Pods-cafe-nibm-frameworks.sh\"\n";
			showEnvVarsInLog = 0;
		};
/* End PBXShellScriptBuildPhase section */

/* Begin PBXSourcesBuildPhase section */
		EC2980F825F3C88C00BFD09F /* Sources */ = {
			isa = PBXSourcesBuildPhase;
			buildActionMask = 2147483647;
			files = (
				EC6F99ED25F4FA8D000C6269 /* Basket.swift in Sources */,
				EC6F99D025F4DAC8000C6269 /* Item.swift in Sources */,
				ECF1FD162635559800A755B2 /* ForgotPasswordViewController.swift in Sources */,
				EC29810025F3C88C00BFD09F /* AppDelegate.swift in Sources */,
				EC6F99EA25F4EE51000C6269 /* ItemDetailsViewController.swift in Sources */,
				EC29811525F3E74200BFD09F /* SignUpViewController.swift in Sources */,
				EC6F99CB25F4AF45000C6269 /* AccountViewController.swift in Sources */,
				EC29811825F3E77800BFD09F /* LoginViewController.swift in Sources */,
				EC6F99B025F40921000C6269 /* Constants.swift in Sources */,
				EC29810225F3C88C00BFD09F /* SceneDelegate.swift in Sources */,
				EC29811B25F3E78000BFD09F /* HomeViewController.swift in Sources */,
			);
			runOnlyForDeploymentPostprocessing = 0;
		};
/* End PBXSourcesBuildPhase section */

/* Begin PBXVariantGroup section */
		EC29810525F3C88C00BFD09F /* Main.storyboard */ = {
			isa = PBXVariantGroup;
			children = (
				EC29810625F3C88C00BFD09F /* Base */,
			);
			name = Main.storyboard;
			sourceTree = "<group>";
		};
		EC29810A25F3C88D00BFD09F /* LaunchScreen.storyboard */ = {
			isa = PBXVariantGroup;
			children = (
				EC29810B25F3C88D00BFD09F /* Base */,
			);
			name = LaunchScreen.storyboard;
			sourceTree = "<group>";
		};
/* End PBXVariantGroup section */

/* Begin XCBuildConfiguration section */
		EC29810E25F3C88D00BFD09F /* Debug */ = {
			isa = XCBuildConfiguration;
			buildSettings = {
				ALWAYS_SEARCH_USER_PATHS = NO;
				CLANG_ANALYZER_NONNULL = YES;
				CLANG_ANALYZER_NUMBER_OBJECT_CONVERSION = YES_AGGRESSIVE;
				CLANG_CXX_LANGUAGE_STANDARD = "gnu++14";
				CLANG_CXX_LIBRARY = "libc++";
				CLANG_ENABLE_MODULES = YES;
				CLANG_ENABLE_OBJC_ARC = YES;
				CLANG_ENABLE_OBJC_WEAK = YES;
				CLANG_WARN_BLOCK_CAPTURE_AUTORELEASING = YES;
				CLANG_WARN_BOOL_CONVERSION = YES;
				CLANG_WARN_COMMA = YES;
				CLANG_WARN_CONSTANT_CONVERSION = YES;
				CLANG_WARN_DEPRECATED_OBJC_IMPLEMENTATIONS = YES;
				CLANG_WARN_DIRECT_OBJC_ISA_USAGE = YES_ERROR;
				CLANG_WARN_DOCUMENTATION_COMMENTS = YES;
				CLANG_WARN_EMPTY_BODY = YES;
				CLANG_WARN_ENUM_CONVERSION = YES;
				CLANG_WARN_INFINITE_RECURSION = YES;
				CLANG_WARN_INT_CONVERSION = YES;
				CLANG_WARN_NON_LITERAL_NULL_CONVERSION = YES;
				CLANG_WARN_OBJC_IMPLICIT_RETAIN_SELF = YES;
				CLANG_WARN_OBJC_LITERAL_CONVERSION = YES;
				CLANG_WARN_OBJC_ROOT_CLASS = YES_ERROR;
				CLANG_WARN_QUOTED_INCLUDE_IN_FRAMEWORK_HEADER = YES;
				CLANG_WARN_RANGE_LOOP_ANALYSIS = YES;
				CLANG_WARN_STRICT_PROTOTYPES = YES;
				CLANG_WARN_SUSPICIOUS_MOVE = YES;
				CLANG_WARN_UNGUARDED_AVAILABILITY = YES_AGGRESSIVE;
				CLANG_WARN_UNREACHABLE_CODE = YES;
				CLANG_WARN__DUPLICATE_METHOD_MATCH = YES;
				COPY_PHASE_STRIP = NO;
				DEBUG_INFORMATION_FORMAT = dwarf;
				ENABLE_STRICT_OBJC_MSGSEND = YES;
				ENABLE_TESTABILITY = YES;
				GCC_C_LANGUAGE_STANDARD = gnu11;
				GCC_DYNAMIC_NO_PIC = NO;
				GCC_NO_COMMON_BLOCKS = YES;
				GCC_OPTIMIZATION_LEVEL = 0;
				GCC_PREPROCESSOR_DEFINITIONS = (
					"DEBUG=1",
					"$(inherited)",
				);
				GCC_WARN_64_TO_32_BIT_CONVERSION = YES;
				GCC_WARN_ABOUT_RETURN_TYPE = YES_ERROR;
				GCC_WARN_UNDECLARED_SELECTOR = YES;
				GCC_WARN_UNINITIALIZED_AUTOS = YES_AGGRESSIVE;
				GCC_WARN_UNUSED_FUNCTION = YES;
				GCC_WARN_UNUSED_VARIABLE = YES;
				IPHONEOS_DEPLOYMENT_TARGET = 14.4;
				MTL_ENABLE_DEBUG_INFO = INCLUDE_SOURCE;
				MTL_FAST_MATH = YES;
				ONLY_ACTIVE_ARCH = YES;
				SDKROOT = iphoneos;
				SWIFT_ACTIVE_COMPILATION_CONDITIONS = DEBUG;
				SWIFT_OPTIMIZATION_LEVEL = "-Onone";
			};
			name = Debug;
		};
		EC29810F25F3C88D00BFD09F /* Release */ = {
			isa = XCBuildConfiguration;
			buildSettings = {
				ALWAYS_SEARCH_USER_PATHS = NO;
				CLANG_ANALYZER_NONNULL = YES;
				CLANG_ANALYZER_NUMBER_OBJECT_CONVERSION = YES_AGGRESSIVE;
				CLANG_CXX_LANGUAGE_STANDARD = "gnu++14";
				CLANG_CXX_LIBRARY = "libc++";
				CLANG_ENABLE_MODULES = YES;
				CLANG_ENABLE_OBJC_ARC = YES;
				CLANG_ENABLE_OBJC_WEAK = YES;
				CLANG_WARN_BLOCK_CAPTURE_AUTORELEASING = YES;
				CLANG_WARN_BOOL_CONVERSION = YES;
				CLANG_WARN_COMMA = YES;
				CLANG_WARN_CONSTANT_CONVERSION = YES;
				CLANG_WARN_DEPRECATED_OBJC_IMPLEMENTATIONS = YES;
				CLANG_WARN_DIRECT_OBJC_ISA_USAGE = YES_ERROR;
				CLANG_WARN_DOCUMENTATION_COMMENTS = YES;
				CLANG_WARN_EMPTY_BODY = YES;
				CLANG_WARN_ENUM_CONVERSION = YES;
				CLANG_WARN_INFINITE_RECURSION = YES;
				CLANG_WARN_INT_CONVERSION = YES;
				CLANG_WARN_NON_LITERAL_NULL_CONVERSION = YES;
				CLANG_WARN_OBJC_IMPLICIT_RETAIN_SELF = YES;
				CLANG_WARN_OBJC_LITERAL_CONVERSION = YES;
				CLANG_WARN_OBJC_ROOT_CLASS = YES_ERROR;
				CLANG_WARN_QUOTED_INCLUDE_IN_FRAMEWORK_HEADER = YES;
				CLANG_WARN_RANGE_LOOP_ANALYSIS = YES;
				CLANG_WARN_STRICT_PROTOTYPES = YES;
				CLANG_WARN_SUSPICIOUS_MOVE = YES;
				CLANG_WARN_UNGUARDED_AVAILABILITY = YES_AGGRESSIVE;
				CLANG_WARN_UNREACHABLE_CODE = YES;
				CLANG_WARN__DUPLICATE_METHOD_MATCH = YES;
				COPY_PHASE_STRIP = NO;
				DEBUG_INFORMATION_FORMAT = "dwarf-with-dsym";
				ENABLE_NS_ASSERTIONS = NO;
				ENABLE_STRICT_OBJC_MSGSEND = YES;
				GCC_C_LANGUAGE_STANDARD = gnu11;
				GCC_NO_COMMON_BLOCKS = YES;
				GCC_WARN_64_TO_32_BIT_CONVERSION = YES;
				GCC_WARN_ABOUT_RETURN_TYPE = YES_ERROR;
				GCC_WARN_UNDECLARED_SELECTOR = YES;
				GCC_WARN_UNINITIALIZED_AUTOS = YES_AGGRESSIVE;
				GCC_WARN_UNUSED_FUNCTION = YES;
				GCC_WARN_UNUSED_VARIABLE = YES;
				IPHONEOS_DEPLOYMENT_TARGET = 14.4;
				MTL_ENABLE_DEBUG_INFO = NO;
				MTL_FAST_MATH = YES;
				SDKROOT = iphoneos;
				SWIFT_COMPILATION_MODE = wholemodule;
				SWIFT_OPTIMIZATION_LEVEL = "-O";
				VALIDATE_PRODUCT = YES;
			};
			name = Release;
		};
		EC29811125F3C88D00BFD09F /* Debug */ = {
			isa = XCBuildConfiguration;
			baseConfigurationReference = EBE0E652845BAF090D6C126A /* Pods-cafe-nibm.debug.xcconfig */;
			buildSettings = {
				ASSETCATALOG_COMPILER_APPICON_NAME = AppIcon;
				ASSETCATALOG_COMPILER_GLOBAL_ACCENT_COLOR_NAME = AccentColor;
				CODE_SIGN_STYLE = Automatic;
				DEVELOPMENT_TEAM = 2W9HVBLG65;
				INFOPLIST_FILE = "cafe-nibm/Info.plist";
				LD_RUNPATH_SEARCH_PATHS = (
					"$(inherited)",
					"@executable_path/Frameworks",
				);
				PRODUCT_BUNDLE_IDENTIFIER = "supun.cafe-nibm";
				PRODUCT_NAME = "$(TARGET_NAME)";
				SWIFT_VERSION = 5.0;
				TARGETED_DEVICE_FAMILY = "1,2";
			};
			name = Debug;
		};
		EC29811225F3C88D00BFD09F /* Release */ = {
			isa = XCBuildConfiguration;
			baseConfigurationReference = 4D5D0EA21750187BFF7A9CE2 /* Pods-cafe-nibm.release.xcconfig */;
			buildSettings = {
				ASSETCATALOG_COMPILER_APPICON_NAME = AppIcon;
				ASSETCATALOG_COMPILER_GLOBAL_ACCENT_COLOR_NAME = AccentColor;
				CODE_SIGN_STYLE = Automatic;
				DEVELOPMENT_TEAM = 2W9HVBLG65;
				INFOPLIST_FILE = "cafe-nibm/Info.plist";
				LD_RUNPATH_SEARCH_PATHS = (
					"$(inherited)",
					"@executable_path/Frameworks",
				);
				PRODUCT_BUNDLE_IDENTIFIER = "supun.cafe-nibm";
				PRODUCT_NAME = "$(TARGET_NAME)";
				SWIFT_VERSION = 5.0;
				TARGETED_DEVICE_FAMILY = "1,2";
			};
			name = Release;
		};
/* End XCBuildConfiguration section */

/* Begin XCConfigurationList section */
		EC2980F725F3C88C00BFD09F /* Build configuration list for PBXProject "cafe-nibm" */ = {
			isa = XCConfigurationList;
			buildConfigurations = (
				EC29810E25F3C88D00BFD09F /* Debug */,
				EC29810F25F3C88D00BFD09F /* Release */,
			);
			defaultConfigurationIsVisible = 0;
			defaultConfigurationName = Release;
		};
		EC29811025F3C88D00BFD09F /* Build configuration list for PBXNativeTarget "cafe-nibm" */ = {
			isa = XCConfigurationList;
			buildConfigurations = (
				EC29811125F3C88D00BFD09F /* Debug */,
				EC29811225F3C88D00BFD09F /* Release */,
			);
			defaultConfigurationIsVisible = 0;
			defaultConfigurationName = Release;
		};
/* End XCConfigurationList section */
	};
	rootObject = EC2980F425F3C88C00BFD09F /* Project object */;
}
